
Microsoft Visual Studio Solution File, Format Version 12.00
# Visual Studio Version 17
VisualStudioVersion = 17.11.35208.52
MinimumVisualStudioVersion = 10.0.40219.1
Project("{F184B08F-C81C-45F6-A57F-5ABD9991F28F}") = "RolloftheDice", "RolloftheDice\RolloftheDice.vbproj", "{45C4DF8E-E99C-40C6-8388-7C23249E232B}"
EndProject
Global
	GlobalSection(SolutionConfigurationPlatforms) = preSolution
		Debug|Any CPU = Debug|Any CPU
		Release|Any CPU = Release|Any CPU
	EndGlobalSection
	GlobalSection(ProjectConfigurationPlatforms) = postSolution
		{45C4DF8E-E99C-40C6-8388-7C23249E232B}.Debug|Any CPU.ActiveCfg = Debug|Any CPU
		{45C4DF8E-E99C-40C6-8388-7C23249E232B}.Debug|Any CPU.Build.0 = Debug|Any CPU
		{45C4DF8E-E99C-40C6-8388-7C23249E232B}.Release|Any CPU.ActiveCfg = Release|Any CPU
		{45C4DF8E-E99C-40C6-8388-7C23249E232B}.Release|Any CPU.Build.0 = Release|Any CPU
	EndGlobalSection
	GlobalSection(SolutionProperties) = preSolution
		HideSolutionNode = FALSE
	EndGlobalSection
	GlobalSection(ExtensibilityGlobals) = postSolution
		SolutionGuid = {858BC547-91AB-449D-A9B5-DA680C49ABD0}
	EndGlobalSection
EndGlobal
